
Microsoft Visual Studio Solution File, Format Version 12.00
# Visual Studio Version 16
VisualStudioVersion = 16.0.32428.217
MinimumVisualStudioVersion = 10.0.40219.1
Project("{FAE04EC0-301F-11D3-BF4B-00C04F79EFBC}") = "dragAndDrop", "dragAndDrop\dragAndDrop.csproj", "{DF3AAF7E-89CE-4552-B0B7-0D136634733D}"
EndProject
Global
	GlobalSection(SolutionConfigurationPlatforms) = preSolution
		Debug|Any CPU = Debug|Any CPU
		Release|Any CPU = Release|Any CPU
	EndGlobalSection
	GlobalSection(ProjectConfigurationPlatforms) = postSolution
		{DF3AAF7E-89CE-4552-B0B7-0D136634733D}.Debug|Any CPU.ActiveCfg = Debug|Any CPU
		{DF3AAF7E-89CE-4552-B0B7-0D136634733D}.Debug|Any CPU.Build.0 = Debug|Any CPU
		{DF3AAF7E-89CE-4552-B0B7-0D136634733D}.Release|Any CPU.ActiveCfg = Release|Any CPU
		{DF3AAF7E-89CE-4552-B0B7-0D136634733D}.Release|Any CPU.Build.0 = Release|Any CPU
	EndGlobalSection
	GlobalSection(SolutionProperties) = preSolution
		HideSolutionNode = FALSE
	EndGlobalSection
	GlobalSection(ExtensibilityGlobals) = postSolution
		SolutionGuid = {EF8015FC-10F6-4F63-BCFC-53E9B5660DC6}
	EndGlobalSection
EndGlobal
